// !$*UTF8*$!
{
	archiveVersion = 1;
	classes = {
	};
	objectVersion = 56;
	objects = {

/* Begin PBXBuildFile section */
		F60F919A29686C52007E34F8 /* Trapezoid.swift in Sources */ = {isa = PBXBuildFile; fileRef = F60F919929686C52007E34F8 /* Trapezoid.swift */; };
		F615102429534443005D52A4 /* SmartHomeThermostatApp.swift in Sources */ = {isa = PBXBuildFile; fileRef = F615102329534443005D52A4 /* SmartHomeThermostatApp.swift */; };
		F615102629534443005D52A4 /* ContentView.swift in Sources */ = {isa = PBXBuildFile; fileRef = F615102529534443005D52A4 /* ContentView.swift */; };
		F615102829534444005D52A4 /* Assets.xcassets in Resources */ = {isa = PBXBuildFile; fileRef = F615102729534444005D52A4 /* Assets.xcassets */; };
		F615102B29534444005D52A4 /* Preview Assets.xcassets in Resources */ = {isa = PBXBuildFile; fileRef = F615102A29534444005D52A4 /* Preview Assets.xcassets */; };
		F615103629534B1E005D52A4 /* ThermometerView.swift in Sources */ = {isa = PBXBuildFile; fileRef = F615103529534B1E005D52A4 /* ThermometerView.swift */; };
		F615103C295354AF005D52A4 /* ThermometerSummaryView.swift in Sources */ = {isa = PBXBuildFile; fileRef = F615103B295354AF005D52A4 /* ThermometerSummaryView.swift */; };
		F615103E29535609005D52A4 /* ThermometerScaleView.swift in Sources */ = {isa = PBXBuildFile; fileRef = F615103D29535609005D52A4 /* ThermometerScaleView.swift */; };
		F617D61E295EFFE100E64E37 /* ScaleMarker.swift in Sources */ = {isa = PBXBuildFile; fileRef = F617D61D295EFFE100E64E37 /* ScaleMarker.swift */; };
		F617D620295F156400E64E37 /* TemperatureFormatter.swift in Sources */ = {isa = PBXBuildFile; fileRef = F617D61F295F156400E64E37 /* TemperatureFormatter.swift */; };
		F6C0CC8429565738009382F1 /* ThermostatConfiguration.swift in Sources */ = {isa = PBXBuildFile; fileRef = F6C0CC8329565738009382F1 /* ThermostatConfiguration.swift */; };
/* End PBXBuildFile section */

/* Begin PBXFileReference section */
		F60F919929686C52007E34F8 /* Trapezoid.swift */ = {isa = PBXFileReference; lastKnownFileType = sourcecode.swift; path = Trapezoid.swift; sourceTree = "<group>"; };
		F615102029534443005D52A4 /* SmartHomeThermostat.app */ = {isa = PBXFileReference; explicitFileType = wrapper.application; includeInIndex = 0; path = SmartHomeThermostat.app; sourceTree = BUILT_PRODUCTS_DIR; };
		F615102329534443005D52A4 /* SmartHomeThermostatApp.swift */ = {isa = PBXFileReference; lastKnownFileType = sourcecode.swift; path = SmartHomeThermostatApp.swift; sourceTree = "<group>"; };
		F615102529534443005D52A4 /* ContentView.swift */ = {isa = PBXFileReference; lastKnownFileType = sourcecode.swift; path = ContentView.swift; sourceTree = "<group>"; };
		F615102729534444005D52A4 /* Assets.xcassets */ = {isa = PBXFileReference; lastKnownFileType = folder.assetcatalog; path = Assets.xcassets; sourceTree = "<group>"; };
		F615102A29534444005D52A4 /* Preview Assets.xcassets */ = {isa = PBXFileReference; lastKnownFileType = folder.assetcatalog; path = "Preview Assets.xcassets"; sourceTree = "<group>"; };
		F615103529534B1E005D52A4 /* ThermometerView.swift */ = {isa = PBXFileReference; lastKnownFileType = sourcecode.swift; path = ThermometerView.swift; sourceTree = "<group>"; };
		F615103B295354AF005D52A4 /* ThermometerSummaryView.swift */ = {isa = PBXFileReference; lastKnownFileType = sourcecode.swift; path = ThermometerSummaryView.swift; sourceTree = "<group>"; };
		F615103D29535609005D52A4 /* ThermometerScaleView.swift */ = {isa = PBXFileReference; lastKnownFileType = sourcecode.swift; path = ThermometerScaleView.swift; sourceTree = "<group>"; };
		F617D61D295EFFE100E64E37 /* ScaleMarker.swift */ = {isa = PBXFileReference; lastKnownFileType = sourcecode.swift; path = ScaleMarker.swift; sourceTree = "<group>"; };
		F617D61F295F156400E64E37 /* TemperatureFormatter.swift */ = {isa = PBXFileReference; lastKnownFileType = sourcecode.swift; path = TemperatureFormatter.swift; sourceTree = "<group>"; };
		F6C0CC8329565738009382F1 /* ThermostatConfiguration.swift */ = {isa = PBXFileReference; lastKnownFileType = sourcecode.swift; path = ThermostatConfiguration.swift; sourceTree = "<group>"; };
/* End PBXFileReference section */

/* Begin PBXFrameworksBuildPhase section */
		F615101D29534443005D52A4 /* Frameworks */ = {
			isa = PBXFrameworksBuildPhase;
			buildActionMask = 2147483647;
			files = (
			);
			runOnlyForDeploymentPostprocessing = 0;
		};
/* End PBXFrameworksBuildPhase section */

/* Begin PBXGroup section */
		F60F919829686C34007E34F8 /* Shapes */ = {
			isa = PBXGroup;
			children = (
				F617D61D295EFFE100E64E37 /* ScaleMarker.swift */,
				F60F919929686C52007E34F8 /* Trapezoid.swift */,
			);
			path = Shapes;
			sourceTree = "<group>";
		};
		F60F919B29686C6D007E34F8 /* Formatter */ = {
			isa = PBXGroup;
			children = (
				F617D61F295F156400E64E37 /* TemperatureFormatter.swift */,
			);
			path = Formatter;
			sourceTree = "<group>";
		};
		F615101729534443005D52A4 = {
			isa = PBXGroup;
			children = (
				F615102229534443005D52A4 /* SmartHomeThermostat */,
				F615102129534443005D52A4 /* Products */,
			);
			sourceTree = "<group>";
		};
		F615102129534443005D52A4 /* Products */ = {
			isa = PBXGroup;
			children = (
				F615102029534443005D52A4 /* SmartHomeThermostat.app */,
			);
			name = Products;
			sourceTree = "<group>";
		};
		F615102229534443005D52A4 /* SmartHomeThermostat */ = {
			isa = PBXGroup;
			children = (
				F615102329534443005D52A4 /* SmartHomeThermostatApp.swift */,
				F615102529534443005D52A4 /* ContentView.swift */,
				F6C0CC8329565738009382F1 /* ThermostatConfiguration.swift */,
				F615103529534B1E005D52A4 /* ThermometerView.swift */,
				F615103D29535609005D52A4 /* ThermometerScaleView.swift */,
				F615103B295354AF005D52A4 /* ThermometerSummaryView.swift */,
				F60F919829686C34007E34F8 /* Shapes */,
				F60F919B29686C6D007E34F8 /* Formatter */,
				F615102729534444005D52A4 /* Assets.xcassets */,
				F615102929534444005D52A4 /* Preview Content */,
			);
			path = SmartHomeThermostat;
			sourceTree = "<group>";
		};
		F615102929534444005D52A4 /* Preview Content */ = {
			isa = PBXGroup;
			children = (
				F615102A29534444005D52A4 /* Preview Assets.xcassets */,
			);
			path = "Preview Content";
			sourceTree = "<group>";
		};
/* End PBXGroup section */

/* Begin PBXNativeTarget section */
		F615101F29534443005D52A4 /* SmartHomeThermostat */ = {
			isa = PBXNativeTarget;
			buildConfigurationList = F615102E29534444005D52A4 /* Build configuration list for PBXNativeTarget "SmartHomeThermostat" */;
			buildPhases = (
				F615101C29534443005D52A4 /* Sources */,
				F615101D29534443005D52A4 /* Frameworks */,
				F615101E29534443005D52A4 /* Resources */,
			);
			buildRules = (
			);
			dependencies = (
			);
			name = SmartHomeThermostat;
			productName = SmartHomeThermostat;
			productReference = F615102029534443005D52A4 /* SmartHomeThermostat.app */;
			productType = "com.apple.product-type.application";
		};
/* End PBXNativeTarget section */

/* Begin PBXProject section */
		F615101829534443005D52A4 /* Project object */ = {
			isa = PBXProject;
			attributes = {
				BuildIndependentTargetsInParallel = 1;
				LastSwiftUpdateCheck = 1420;
				LastUpgradeCheck = 1420;
				TargetAttributes = {
					F615101F29534443005D52A4 = {
						CreatedOnToolsVersion = 14.2;
					};
				};
			};
			buildConfigurationList = F615101B29534443005D52A4 /* Build configuration list for PBXProject "SmartHomeThermostat" */;
			compatibilityVersion = "Xcode 14.0";
			developmentRegion = en;
			hasScannedForEncodings = 0;
			knownRegions = (
				en,
				Base,
			);
			mainGroup = F615101729534443005D52A4;
			productRefGroup = F615102129534443005D52A4 /* Products */;
			projectDirPath = "";
			projectRoot = "";
			targets = (
				F615101F29534443005D52A4 /* SmartHomeThermostat */,
			);
		};
/* End PBXProject section */

/* Begin PBXResourcesBuildPhase section */
		F615101E29534443005D52A4 /* Resources */ = {
			isa = PBXResourcesBuildPhase;
			buildActionMask = 2147483647;
			files = (
				F615102B29534444005D52A4 /* Preview Assets.xcassets in Resources */,
				F615102829534444005D52A4 /* Assets.xcassets in Resources */,
			);
			runOnlyForDeploymentPostprocessing = 0;
		};
/* End PBXResourcesBuildPhase section */

/* Begin PBXSourcesBuildPhase section */
		F615101C29534443005D52A4 /* Sources */ = {
			isa = PBXSourcesBuildPhase;
			buildActionMask = 2147483647;
			files = (
				F617D61E295EFFE100E64E37 /* ScaleMarker.swift in Sources */,
				F615102629534443005D52A4 /* ContentView.swift in Sources */,
				F615103629534B1E005D52A4 /* ThermometerView.swift in Sources */,
				F617D620295F156400E64E37 /* TemperatureFormatter.swift in Sources */,
				F6C0CC8429565738009382F1 /* ThermostatConfiguration.swift in Sources */,
				F615103C295354AF005D52A4 /* ThermometerSummaryView.swift in Sources */,
				F615103E29535609005D52A4 /* ThermometerScaleView.swift in Sources */,
				F615102429534443005D52A4 /* SmartHomeThermostatApp.swift in Sources */,
				F60F919A29686C52007E34F8 /* Trapezoid.swift in Sources */,
			);
			runOnlyForDeploymentPostprocessing = 0;
		};
/* End PBXSourcesBuildPhase section */

/* Begin XCBuildConfiguration section */
		F615102C29534444005D52A4 /* Debug */ = {
			isa = XCBuildConfiguration;
			buildSettings = {
				ALWAYS_SEARCH_USER_PATHS = NO;
				CLANG_ANALYZER_NONNULL = YES;
				CLANG_ANALYZER_NUMBER_OBJECT_CONVERSION = YES_AGGRESSIVE;
				CLANG_CXX_LANGUAGE_STANDARD = "gnu++20";
				CLANG_ENABLE_MODULES = YES;
				CLANG_ENABLE_OBJC_ARC = YES;
				CLANG_ENABLE_OBJC_WEAK = YES;
				CLANG_WARN_BLOCK_CAPTURE_AUTORELEASING = YES;
				CLANG_WARN_BOOL_CONVERSION = YES;
				CLANG_WARN_COMMA = YES;
				CLANG_WARN_CONSTANT_CONVERSION = YES;
				CLANG_WARN_DEPRECATED_OBJC_IMPLEMENTATIONS = YES;
				CLANG_WARN_DIRECT_OBJC_ISA_USAGE = YES_ERROR;
				CLANG_WARN_DOCUMENTATION_COMMENTS = YES;
				CLANG_WARN_EMPTY_BODY = YES;
				CLANG_WARN_ENUM_CONVERSION = YES;
				CLANG_WARN_INFINITE_RECURSION = YES;
				CLANG_WARN_INT_CONVERSION = YES;
				CLANG_WARN_NON_LITERAL_NULL_CONVERSION = YES;
				CLANG_WARN_OBJC_IMPLICIT_RETAIN_SELF = YES;
				CLANG_WARN_OBJC_LITERAL_CONVERSION = YES;
				CLANG_WARN_OBJC_ROOT_CLASS = YES_ERROR;
				CLANG_WARN_QUOTED_INCLUDE_IN_FRAMEWORK_HEADER = YES;
				CLANG_WARN_RANGE_LOOP_ANALYSIS = YES;
				CLANG_WARN_STRICT_PROTOTYPES = YES;
				CLANG_WARN_SUSPICIOUS_MOVE = YES;
				CLANG_WARN_UNGUARDED_AVAILABILITY = YES_AGGRESSIVE;
				CLANG_WARN_UNREACHABLE_CODE = YES;
				CLANG_WARN__DUPLICATE_METHOD_MATCH = YES;
				COPY_PHASE_STRIP = NO;
				DEBUG_INFORMATION_FORMAT = dwarf;
				ENABLE_STRICT_OBJC_MSGSEND = YES;
				ENABLE_TESTABILITY = YES;
				GCC_C_LANGUAGE_STANDARD = gnu11;
				GCC_DYNAMIC_NO_PIC = NO;
				GCC_NO_COMMON_BLOCKS = YES;
				GCC_OPTIMIZATION_LEVEL = 0;
				GCC_PREPROCESSOR_DEFINITIONS = (
					"DEBUG=1",
					"$(inherited)",
				);
				GCC_WARN_64_TO_32_BIT_CONVERSION = YES;
				GCC_WARN_ABOUT_RETURN_TYPE = YES_ERROR;
				GCC_WARN_UNDECLARED_SELECTOR = YES;
				GCC_WARN_UNINITIALIZED_AUTOS = YES_AGGRESSIVE;
				GCC_WARN_UNUSED_FUNCTION = YES;
				GCC_WARN_UNUSED_VARIABLE = YES;
				IPHONEOS_DEPLOYMENT_TARGET = 16.2;
				MTL_ENABLE_DEBUG_INFO = INCLUDE_SOURCE;
				MTL_FAST_MATH = YES;
				ONLY_ACTIVE_ARCH = YES;
				SDKROOT = iphoneos;
				SWIFT_ACTIVE_COMPILATION_CONDITIONS = DEBUG;
				SWIFT_OPTIMIZATION_LEVEL = "-Onone";
			};
			name = Debug;
		};
		F615102D29534444005D52A4 /* Release */ = {
			isa = XCBuildConfiguration;
			buildSettings = {
				ALWAYS_SEARCH_USER_PATHS = NO;
				CLANG_ANALYZER_NONNULL = YES;
				CLANG_ANALYZER_NUMBER_OBJECT_CONVERSION = YES_AGGRESSIVE;
				CLANG_CXX_LANGUAGE_STANDARD = "gnu++20";
				CLANG_ENABLE_MODULES = YES;
				CLANG_ENABLE_OBJC_ARC = YES;
				CLANG_ENABLE_OBJC_WEAK = YES;
				CLANG_WARN_BLOCK_CAPTURE_AUTORELEASING = YES;
				CLANG_WARN_BOOL_CONVERSION = YES;
				CLANG_WARN_COMMA = YES;
				CLANG_WARN_CONSTANT_CONVERSION = YES;
				CLANG_WARN_DEPRECATED_OBJC_IMPLEMENTATIONS = YES;
				CLANG_WARN_DIRECT_OBJC_ISA_USAGE = YES_ERROR;
				CLANG_WARN_DOCUMENTATION_COMMENTS = YES;
				CLANG_WARN_EMPTY_BODY = YES;
				CLANG_WARN_ENUM_CONVERSION = YES;
				CLANG_WARN_INFINITE_RECURSION = YES;
				CLANG_WARN_INT_CONVERSION = YES;
				CLANG_WARN_NON_LITERAL_NULL_CONVERSION = YES;
				CLANG_WARN_OBJC_IMPLICIT_RETAIN_SELF = YES;
				CLANG_WARN_OBJC_LITERAL_CONVERSION = YES;
				CLANG_WARN_OBJC_ROOT_CLASS = YES_ERROR;
				CLANG_WARN_QUOTED_INCLUDE_IN_FRAMEWORK_HEADER = YES;
				CLANG_WARN_RANGE_LOOP_ANALYSIS = YES;
				CLANG_WARN_STRICT_PROTOTYPES = YES;
				CLANG_WARN_SUSPICIOUS_MOVE = YES;
				CLANG_WARN_UNGUARDED_AVAILABILITY = YES_AGGRESSIVE;
				CLANG_WARN_UNREACHABLE_CODE = YES;
				CLANG_WARN__DUPLICATE_METHOD_MATCH = YES;
				COPY_PHASE_STRIP = NO;
				DEBUG_INFORMATION_FORMAT = "dwarf-with-dsym";
				ENABLE_NS_ASSERTIONS = NO;
				ENABLE_STRICT_OBJC_MSGSEND = YES;
				GCC_C_LANGUAGE_STANDARD = gnu11;
				GCC_NO_COMMON_BLOCKS = YES;
				GCC_WARN_64_TO_32_BIT_CONVERSION = YES;
				GCC_WARN_ABOUT_RETURN_TYPE = YES_ERROR;
				GCC_WARN_UNDECLARED_SELECTOR = YES;
				GCC_WARN_UNINITIALIZED_AUTOS = YES_AGGRESSIVE;
				GCC_WARN_UNUSED_FUNCTION = YES;
				GCC_WARN_UNUSED_VARIABLE = YES;
				IPHONEOS_DEPLOYMENT_TARGET = 16.2;
				MTL_ENABLE_DEBUG_INFO = NO;
				MTL_FAST_MATH = YES;
				SDKROOT = iphoneos;
				SWIFT_COMPILATION_MODE = wholemodule;
				SWIFT_OPTIMIZATION_LEVEL = "-O";
				VALIDATE_PRODUCT = YES;
			};
			name = Release;
		};
		F615102F29534444005D52A4 /* Debug */ = {
			isa = XCBuildConfiguration;
			buildSettings = {
				ASSETCATALOG_COMPILER_APPICON_NAME = AppIcon;
				ASSETCATALOG_COMPILER_GLOBAL_ACCENT_COLOR_NAME = AccentColor;
				CODE_SIGN_STYLE = Automatic;
				CURRENT_PROJECT_VERSION = 1;
				DEVELOPMENT_ASSET_PATHS = "\"SmartHomeThermostat/Preview Content\"";
				DEVELOPMENT_TEAM = A94H7C4G84;
				ENABLE_PREVIEWS = YES;
				GENERATE_INFOPLIST_FILE = YES;
				INFOPLIST_KEY_UIApplicationSceneManifest_Generation = YES;
				INFOPLIST_KEY_UIApplicationSupportsIndirectInputEvents = YES;
				INFOPLIST_KEY_UILaunchScreen_Generation = YES;
				INFOPLIST_KEY_UISupportedInterfaceOrientations_iPad = "UIInterfaceOrientationPortrait UIInterfaceOrientationPortraitUpsideDown UIInterfaceOrientationLandscapeLeft UIInterfaceOrientationLandscapeRight";
				INFOPLIST_KEY_UISupportedInterfaceOrientations_iPhone = "UIInterfaceOrientationPortrait UIInterfaceOrientationLandscapeLeft UIInterfaceOrientationLandscapeRight";
				IPHONEOS_DEPLOYMENT_TARGET = 15.0;
				LD_RUNPATH_SEARCH_PATHS = (
					"$(inherited)",
					"@executable_path/Frameworks",
				);
				MARKETING_VERSION = 1.0;
				PRODUCT_BUNDLE_IDENTIFIER = energy.octopus.octopusenergy.SmartHomeThermostat;
				PRODUCT_NAME = "$(TARGET_NAME)";
				SWIFT_EMIT_LOC_STRINGS = YES;
				SWIFT_VERSION = 5.0;
				TARGETED_DEVICE_FAMILY = "1,2";
			};
			name = Debug;
		};
		F615103029534444005D52A4 /* Release */ = {
			isa = XCBuildConfiguration;
			buildSettings = {
				ASSETCATALOG_COMPILER_APPICON_NAME = AppIcon;
				ASSETCATALOG_COMPILER_GLOBAL_ACCENT_COLOR_NAME = AccentColor;
				CODE_SIGN_STYLE = Automatic;
				CURRENT_PROJECT_VERSION = 1;
				DEVELOPMENT_ASSET_PATHS = "\"SmartHomeThermostat/Preview Content\"";
				DEVELOPMENT_TEAM = A94H7C4G84;
				ENABLE_PREVIEWS = YES;
				GENERATE_INFOPLIST_FILE = YES;
				INFOPLIST_KEY_UIApplicationSceneManifest_Generation = YES;
				INFOPLIST_KEY_UIApplicationSupportsIndirectInputEvents = YES;
				INFOPLIST_KEY_UILaunchScreen_Generation = YES;
				INFOPLIST_KEY_UISupportedInterfaceOrientations_iPad = "UIInterfaceOrientationPortrait UIInterfaceOrientationPortraitUpsideDown UIInterfaceOrientationLandscapeLeft UIInterfaceOrientationLandscapeRight";
				INFOPLIST_KEY_UISupportedInterfaceOrientations_iPhone = "UIInterfaceOrientationPortrait UIInterfaceOrientationLandscapeLeft UIInterfaceOrientationLandscapeRight";
				IPHONEOS_DEPLOYMENT_TARGET = 15.0;
				LD_RUNPATH_SEARCH_PATHS = (
					"$(inherited)",
					"@executable_path/Frameworks",
				);
				MARKETING_VERSION = 1.0;
				PRODUCT_BUNDLE_IDENTIFIER = energy.octopus.octopusenergy.SmartHomeThermostat;
				PRODUCT_NAME = "$(TARGET_NAME)";
				SWIFT_EMIT_LOC_STRINGS = YES;
				SWIFT_VERSION = 5.0;
				TARGETED_DEVICE_FAMILY = "1,2";
			};
			name = Release;
		};
/* End XCBuildConfiguration section */

/* Begin XCConfigurationList section */
		F615101B29534443005D52A4 /* Build configuration list for PBXProject "SmartHomeThermostat" */ = {
			isa = XCConfigurationList;
			buildConfigurations = (
				F615102C29534444005D52A4 /* Debug */,
				F615102D29534444005D52A4 /* Release */,
			);
			defaultConfigurationIsVisible = 0;
			defaultConfigurationName = Release;
		};
		F615102E29534444005D52A4 /* Build configuration list for PBXNativeTarget "SmartHomeThermostat" */ = {
			isa = XCConfigurationList;
			buildConfigurations = (
				F615102F29534444005D52A4 /* Debug */,
				F615103029534444005D52A4 /* Release */,
			);
			defaultConfigurationIsVisible = 0;
			defaultConfigurationName = Release;
		};
/* End XCConfigurationList section */
	};
	rootObject = F615101829534443005D52A4 /* Project object */;
}
